// !$*UTF8*$!
{
	archiveVersion = 1;
	classes = {
	};
	objectVersion = 50;
	objects = {

/* Begin PBXBuildFile section */
		F9A27E0926F24BFA00489892 /* AppDelegate.swift in Sources */ = {isa = PBXBuildFile; fileRef = F9A27E0826F24BFA00489892 /* AppDelegate.swift */; };
		F9A27E0B26F24BFA00489892 /* SceneDelegate.swift in Sources */ = {isa = PBXBuildFile; fileRef = F9A27E0A26F24BFA00489892 /* SceneDelegate.swift */; };
		F9A27E0D26F24BFA00489892 /* HomeViewController.swift in Sources */ = {isa = PBXBuildFile; fileRef = F9A27E0C26F24BFA00489892 /* HomeViewController.swift */; };
		F9A27E1026F24BFA00489892 /* Main.storyboard in Resources */ = {isa = PBXBuildFile; fileRef = F9A27E0E26F24BFA00489892 /* Main.storyboard */; };
		F9A27E1226F24BFB00489892 /* Assets.xcassets in Resources */ = {isa = PBXBuildFile; fileRef = F9A27E1126F24BFB00489892 /* Assets.xcassets */; };
		F9A27E1526F24BFB00489892 /* LaunchScreen.storyboard in Resources */ = {isa = PBXBuildFile; fileRef = F9A27E1326F24BFB00489892 /* LaunchScreen.storyboard */; };
		F9A27E1F26F24E7D00489892 /* HomeViewModel.swift in Sources */ = {isa = PBXBuildFile; fileRef = F9A27E1E26F24E7D00489892 /* HomeViewModel.swift */; };
		F9A27E2226F2539400489892 /* Extensions.swift in Sources */ = {isa = PBXBuildFile; fileRef = F9A27E2126F2539400489892 /* Extensions.swift */; };
		F9A27E2426F2598C00489892 /* stops.xls in Resources */ = {isa = PBXBuildFile; fileRef = F9A27E2326F2598C00489892 /* stops.xls */; };
		F9A27E2626F275D300489892 /* stops.json in Resources */ = {isa = PBXBuildFile; fileRef = F9A27E2526F275D300489892 /* stops.json */; };
		F9A27E2926F276A000489892 /* StopsModel.swift in Sources */ = {isa = PBXBuildFile; fileRef = F9A27E2826F276A000489892 /* StopsModel.swift */; };
		F9A27E2B26F295F300489892 /* LocationAnnotationView.swift in Sources */ = {isa = PBXBuildFile; fileRef = F9A27E2A26F295F300489892 /* LocationAnnotationView.swift */; };
/* End PBXBuildFile section */

/* Begin PBXFileReference section */
		F9A27E0526F24BFA00489892 /* TrafiGO.app */ = {isa = PBXFileReference; explicitFileType = wrapper.application; includeInIndex = 0; path = TrafiGO.app; sourceTree = BUILT_PRODUCTS_DIR; };
		F9A27E0826F24BFA00489892 /* AppDelegate.swift */ = {isa = PBXFileReference; lastKnownFileType = sourcecode.swift; path = AppDelegate.swift; sourceTree = "<group>"; };
		F9A27E0A26F24BFA00489892 /* SceneDelegate.swift */ = {isa = PBXFileReference; lastKnownFileType = sourcecode.swift; path = SceneDelegate.swift; sourceTree = "<group>"; };
		F9A27E0C26F24BFA00489892 /* HomeViewController.swift */ = {isa = PBXFileReference; lastKnownFileType = sourcecode.swift; path = HomeViewController.swift; sourceTree = "<group>"; };
		F9A27E0F26F24BFA00489892 /* Base */ = {isa = PBXFileReference; lastKnownFileType = file.storyboard; name = Base; path = Base.lproj/Main.storyboard; sourceTree = "<group>"; };
		F9A27E1126F24BFB00489892 /* Assets.xcassets */ = {isa = PBXFileReference; lastKnownFileType = folder.assetcatalog; path = Assets.xcassets; sourceTree = "<group>"; };
		F9A27E1426F24BFB00489892 /* Base */ = {isa = PBXFileReference; lastKnownFileType = file.storyboard; name = Base; path = Base.lproj/LaunchScreen.storyboard; sourceTree = "<group>"; };
		F9A27E1626F24BFB00489892 /* Info.plist */ = {isa = PBXFileReference; lastKnownFileType = text.plist.xml; path = Info.plist; sourceTree = "<group>"; };
		F9A27E1E26F24E7D00489892 /* HomeViewModel.swift */ = {isa = PBXFileReference; lastKnownFileType = sourcecode.swift; path = HomeViewModel.swift; sourceTree = "<group>"; };
		F9A27E2126F2539400489892 /* Extensions.swift */ = {isa = PBXFileReference; lastKnownFileType = sourcecode.swift; path = Extensions.swift; sourceTree = "<group>"; };
		F9A27E2326F2598C00489892 /* stops.xls */ = {isa = PBXFileReference; lastKnownFileType = file; path = stops.xls; sourceTree = "<group>"; };
		F9A27E2526F275D300489892 /* stops.json */ = {isa = PBXFileReference; lastKnownFileType = text.json; path = stops.json; sourceTree = "<group>"; };
		F9A27E2826F276A000489892 /* StopsModel.swift */ = {isa = PBXFileReference; lastKnownFileType = sourcecode.swift; path = StopsModel.swift; sourceTree = "<group>"; };
		F9A27E2A26F295F300489892 /* LocationAnnotationView.swift */ = {isa = PBXFileReference; lastKnownFileType = sourcecode.swift; path = LocationAnnotationView.swift; sourceTree = "<group>"; };
/* End PBXFileReference section */

/* Begin PBXFrameworksBuildPhase section */
		F9A27E0226F24BFA00489892 /* Frameworks */ = {
			isa = PBXFrameworksBuildPhase;
			buildActionMask = 2147483647;
			files = (
			);
			runOnlyForDeploymentPostprocessing = 0;
		};
/* End PBXFrameworksBuildPhase section */

/* Begin PBXGroup section */
		F9A27DFC26F24BFA00489892 = {
			isa = PBXGroup;
			children = (
				F9A27E0726F24BFA00489892 /* TrafiGO */,
				F9A27E0626F24BFA00489892 /* Products */,
			);
			sourceTree = "<group>";
		};
		F9A27E0626F24BFA00489892 /* Products */ = {
			isa = PBXGroup;
			children = (
				F9A27E0526F24BFA00489892 /* TrafiGO.app */,
			);
			name = Products;
			sourceTree = "<group>";
		};
		F9A27E0726F24BFA00489892 /* TrafiGO */ = {
			isa = PBXGroup;
			children = (
				F9A27E2726F2769200489892 /* Models */,
				F9A27E1C26F24DF700489892 /* Scenes */,
				F9A27E0826F24BFA00489892 /* AppDelegate.swift */,
				F9A27E0A26F24BFA00489892 /* SceneDelegate.swift */,
				F9A27E0E26F24BFA00489892 /* Main.storyboard */,
				F9A27E1126F24BFB00489892 /* Assets.xcassets */,
				F9A27E2326F2598C00489892 /* stops.xls */,
				F9A27E1326F24BFB00489892 /* LaunchScreen.storyboard */,
				F9A27E1626F24BFB00489892 /* Info.plist */,
				F9A27E2126F2539400489892 /* Extensions.swift */,
				F9A27E2526F275D300489892 /* stops.json */,
			);
			path = TrafiGO;
			sourceTree = "<group>";
		};
		F9A27E1C26F24DF700489892 /* Scenes */ = {
			isa = PBXGroup;
			children = (
				F9A27E1D26F24E0A00489892 /* HomeView */,
			);
			path = Scenes;
			sourceTree = "<group>";
		};
		F9A27E1D26F24E0A00489892 /* HomeView */ = {
			isa = PBXGroup;
			children = (
				F9A27E0C26F24BFA00489892 /* HomeViewController.swift */,
				F9A27E1E26F24E7D00489892 /* HomeViewModel.swift */,
				F9A27E2A26F295F300489892 /* LocationAnnotationView.swift */,
			);
			path = HomeView;
			sourceTree = "<group>";
		};
		F9A27E2726F2769200489892 /* Models */ = {
			isa = PBXGroup;
			children = (
				F9A27E2826F276A000489892 /* StopsModel.swift */,
			);
			path = Models;
			sourceTree = "<group>";
		};
/* End PBXGroup section */

/* Begin PBXNativeTarget section */
		F9A27E0426F24BFA00489892 /* TrafiGO */ = {
			isa = PBXNativeTarget;
			buildConfigurationList = F9A27E1926F24BFB00489892 /* Build configuration list for PBXNativeTarget "TrafiGO" */;
			buildPhases = (
				F9A27E0126F24BFA00489892 /* Sources */,
				F9A27E0226F24BFA00489892 /* Frameworks */,
				F9A27E0326F24BFA00489892 /* Resources */,
			);
			buildRules = (
			);
			dependencies = (
			);
			name = TrafiGO;
			productName = TrafiGO;
			productReference = F9A27E0526F24BFA00489892 /* TrafiGO.app */;
			productType = "com.apple.product-type.application";
		};
/* End PBXNativeTarget section */

/* Begin PBXProject section */
		F9A27DFD26F24BFA00489892 /* Project object */ = {
			isa = PBXProject;
			attributes = {
				LastSwiftUpdateCheck = 1250;
				LastUpgradeCheck = 1250;
				TargetAttributes = {
					F9A27E0426F24BFA00489892 = {
						CreatedOnToolsVersion = 12.5.1;
					};
				};
			};
			buildConfigurationList = F9A27E0026F24BFA00489892 /* Build configuration list for PBXProject "TrafiGO" */;
			compatibilityVersion = "Xcode 9.3";
			developmentRegion = en;
			hasScannedForEncodings = 0;
			knownRegions = (
				en,
				Base,
			);
			mainGroup = F9A27DFC26F24BFA00489892;
			productRefGroup = F9A27E0626F24BFA00489892 /* Products */;
			projectDirPath = "";
			projectRoot = "";
			targets = (
				F9A27E0426F24BFA00489892 /* TrafiGO */,
			);
		};
/* End PBXProject section */

/* Begin PBXResourcesBuildPhase section */
		F9A27E0326F24BFA00489892 /* Resources */ = {
			isa = PBXResourcesBuildPhase;
			buildActionMask = 2147483647;
			files = (
				F9A27E1526F24BFB00489892 /* LaunchScreen.storyboard in Resources */,
				F9A27E1226F24BFB00489892 /* Assets.xcassets in Resources */,
				F9A27E1026F24BFA00489892 /* Main.storyboard in Resources */,
				F9A27E2626F275D300489892 /* stops.json in Resources */,
				F9A27E2426F2598C00489892 /* stops.xls in Resources */,
			);
			runOnlyForDeploymentPostprocessing = 0;
		};
/* End PBXResourcesBuildPhase section */

/* Begin PBXSourcesBuildPhase section */
		F9A27E0126F24BFA00489892 /* Sources */ = {
			isa = PBXSourcesBuildPhase;
			buildActionMask = 2147483647;
			files = (
				F9A27E2226F2539400489892 /* Extensions.swift in Sources */,
				F9A27E0D26F24BFA00489892 /* HomeViewController.swift in Sources */,
				F9A27E0926F24BFA00489892 /* AppDelegate.swift in Sources */,
				F9A27E2B26F295F300489892 /* LocationAnnotationView.swift in Sources */,
				F9A27E2926F276A000489892 /* StopsModel.swift in Sources */,
				F9A27E0B26F24BFA00489892 /* SceneDelegate.swift in Sources */,
				F9A27E1F26F24E7D00489892 /* HomeViewModel.swift in Sources */,
			);
			runOnlyForDeploymentPostprocessing = 0;
		};
/* End PBXSourcesBuildPhase section */

/* Begin PBXVariantGroup section */
		F9A27E0E26F24BFA00489892 /* Main.storyboard */ = {
			isa = PBXVariantGroup;
			children = (
				F9A27E0F26F24BFA00489892 /* Base */,
			);
			name = Main.storyboard;
			sourceTree = "<group>";
		};
		F9A27E1326F24BFB00489892 /* LaunchScreen.storyboard */ = {
			isa = PBXVariantGroup;
			children = (
				F9A27E1426F24BFB00489892 /* Base */,
			);
			name = LaunchScreen.storyboard;
			sourceTree = "<group>";
		};
/* End PBXVariantGroup section */

/* Begin XCBuildConfiguration section */
		F9A27E1726F24BFB00489892 /* Debug */ = {
			isa = XCBuildConfiguration;
			buildSettings = {
				ALWAYS_SEARCH_USER_PATHS = NO;
				CLANG_ANALYZER_NONNULL = YES;
				CLANG_ANALYZER_NUMBER_OBJECT_CONVERSION = YES_AGGRESSIVE;
				CLANG_CXX_LANGUAGE_STANDARD = "gnu++14";
				CLANG_CXX_LIBRARY = "libc++";
				CLANG_ENABLE_MODULES = YES;
				CLANG_ENABLE_OBJC_ARC = YES;
				CLANG_ENABLE_OBJC_WEAK = YES;
				CLANG_WARN_BLOCK_CAPTURE_AUTORELEASING = YES;
				CLANG_WARN_BOOL_CONVERSION = YES;
				CLANG_WARN_COMMA = YES;
				CLANG_WARN_CONSTANT_CONVERSION = YES;
				CLANG_WARN_DEPRECATED_OBJC_IMPLEMENTATIONS = YES;
				CLANG_WARN_DIRECT_OBJC_ISA_USAGE = YES_ERROR;
				CLANG_WARN_DOCUMENTATION_COMMENTS = YES;
				CLANG_WARN_EMPTY_BODY = YES;
				CLANG_WARN_ENUM_CONVERSION = YES;
				CLANG_WARN_INFINITE_RECURSION = YES;
				CLANG_WARN_INT_CONVERSION = YES;
				CLANG_WARN_NON_LITERAL_NULL_CONVERSION = YES;
				CLANG_WARN_OBJC_IMPLICIT_RETAIN_SELF = YES;
				CLANG_WARN_OBJC_LITERAL_CONVERSION = YES;
				CLANG_WARN_OBJC_ROOT_CLASS = YES_ERROR;
				CLANG_WARN_QUOTED_INCLUDE_IN_FRAMEWORK_HEADER = YES;
				CLANG_WARN_RANGE_LOOP_ANALYSIS = YES;
				CLANG_WARN_STRICT_PROTOTYPES = YES;
				CLANG_WARN_SUSPICIOUS_MOVE = YES;
				CLANG_WARN_UNGUARDED_AVAILABILITY = YES_AGGRESSIVE;
				CLANG_WARN_UNREACHABLE_CODE = YES;
				CLANG_WARN__DUPLICATE_METHOD_MATCH = YES;
				COPY_PHASE_STRIP = NO;
				DEBUG_INFORMATION_FORMAT = dwarf;
				ENABLE_STRICT_OBJC_MSGSEND = YES;
				ENABLE_TESTABILITY = YES;
				GCC_C_LANGUAGE_STANDARD = gnu11;
				GCC_DYNAMIC_NO_PIC = NO;
				GCC_NO_COMMON_BLOCKS = YES;
				GCC_OPTIMIZATION_LEVEL = 0;
				GCC_PREPROCESSOR_DEFINITIONS = (
					"DEBUG=1",
					"$(inherited)",
				);
				GCC_WARN_64_TO_32_BIT_CONVERSION = YES;
				GCC_WARN_ABOUT_RETURN_TYPE = YES_ERROR;
				GCC_WARN_UNDECLARED_SELECTOR = YES;
				GCC_WARN_UNINITIALIZED_AUTOS = YES_AGGRESSIVE;
				GCC_WARN_UNUSED_FUNCTION = YES;
				GCC_WARN_UNUSED_VARIABLE = YES;
				IPHONEOS_DEPLOYMENT_TARGET = 14.5;
				MTL_ENABLE_DEBUG_INFO = INCLUDE_SOURCE;
				MTL_FAST_MATH = YES;
				ONLY_ACTIVE_ARCH = YES;
				SDKROOT = iphoneos;
				SWIFT_ACTIVE_COMPILATION_CONDITIONS = DEBUG;
				SWIFT_OPTIMIZATION_LEVEL = "-Onone";
			};
			name = Debug;
		};
		F9A27E1826F24BFB00489892 /* Release */ = {
			isa = XCBuildConfiguration;
			buildSettings = {
				ALWAYS_SEARCH_USER_PATHS = NO;
				CLANG_ANALYZER_NONNULL = YES;
				CLANG_ANALYZER_NUMBER_OBJECT_CONVERSION = YES_AGGRESSIVE;
				CLANG_CXX_LANGUAGE_STANDARD = "gnu++14";
				CLANG_CXX_LIBRARY = "libc++";
				CLANG_ENABLE_MODULES = YES;
				CLANG_ENABLE_OBJC_ARC = YES;
				CLANG_ENABLE_OBJC_WEAK = YES;
				CLANG_WARN_BLOCK_CAPTURE_AUTORELEASING = YES;
				CLANG_WARN_BOOL_CONVERSION = YES;
				CLANG_WARN_COMMA = YES;
				CLANG_WARN_CONSTANT_CONVERSION = YES;
				CLANG_WARN_DEPRECATED_OBJC_IMPLEMENTATIONS = YES;
				CLANG_WARN_DIRECT_OBJC_ISA_USAGE = YES_ERROR;
				CLANG_WARN_DOCUMENTATION_COMMENTS = YES;
				CLANG_WARN_EMPTY_BODY = YES;
				CLANG_WARN_ENUM_CONVERSION = YES;
				CLANG_WARN_INFINITE_RECURSION = YES;
				CLANG_WARN_INT_CONVERSION = YES;
				CLANG_WARN_NON_LITERAL_NULL_CONVERSION = YES;
				CLANG_WARN_OBJC_IMPLICIT_RETAIN_SELF = YES;
				CLANG_WARN_OBJC_LITERAL_CONVERSION = YES;
				CLANG_WARN_OBJC_ROOT_CLASS = YES_ERROR;
				CLANG_WARN_QUOTED_INCLUDE_IN_FRAMEWORK_HEADER = YES;
				CLANG_WARN_RANGE_LOOP_ANALYSIS = YES;
				CLANG_WARN_STRICT_PROTOTYPES = YES;
				CLANG_WARN_SUSPICIOUS_MOVE = YES;
				CLANG_WARN_UNGUARDED_AVAILABILITY = YES_AGGRESSIVE;
				CLANG_WARN_UNREACHABLE_CODE = YES;
				CLANG_WARN__DUPLICATE_METHOD_MATCH = YES;
				COPY_PHASE_STRIP = NO;
				DEBUG_INFORMATION_FORMAT = "dwarf-with-dsym";
				ENABLE_NS_ASSERTIONS = NO;
				ENABLE_STRICT_OBJC_MSGSEND = YES;
				GCC_C_LANGUAGE_STANDARD = gnu11;
				GCC_NO_COMMON_BLOCKS = YES;
				GCC_WARN_64_TO_32_BIT_CONVERSION = YES;
				GCC_WARN_ABOUT_RETURN_TYPE = YES_ERROR;
				GCC_WARN_UNDECLARED_SELECTOR = YES;
				GCC_WARN_UNINITIALIZED_AUTOS = YES_AGGRESSIVE;
				GCC_WARN_UNUSED_FUNCTION = YES;
				GCC_WARN_UNUSED_VARIABLE = YES;
				IPHONEOS_DEPLOYMENT_TARGET = 14.5;
				MTL_ENABLE_DEBUG_INFO = NO;
				MTL_FAST_MATH = YES;
				SDKROOT = iphoneos;
				SWIFT_COMPILATION_MODE = wholemodule;
				SWIFT_OPTIMIZATION_LEVEL = "-O";
				VALIDATE_PRODUCT = YES;
			};
			name = Release;
		};
		F9A27E1A26F24BFB00489892 /* Debug */ = {
			isa = XCBuildConfiguration;
			buildSettings = {
				ASSETCATALOG_COMPILER_APPICON_NAME = AppIcon;
				ASSETCATALOG_COMPILER_GLOBAL_ACCENT_COLOR_NAME = AccentColor;
				CODE_SIGN_STYLE = Automatic;
				DEVELOPMENT_TEAM = R7C5Q848B5;
				INFOPLIST_FILE = TrafiGO/Info.plist;
				IPHONEOS_DEPLOYMENT_TARGET = 13.0;
				LD_RUNPATH_SEARCH_PATHS = (
					"$(inherited)",
					"@executable_path/Frameworks",
				);
				PRODUCT_BUNDLE_IDENTIFIER = DTDeveloper.TrafiGO;
				PRODUCT_NAME = "$(TARGET_NAME)";
				SWIFT_VERSION = 5.0;
				TARGETED_DEVICE_FAMILY = 1;
			};
			name = Debug;
		};
		F9A27E1B26F24BFB00489892 /* Release */ = {
			isa = XCBuildConfiguration;
			buildSettings = {
				ASSETCATALOG_COMPILER_APPICON_NAME = AppIcon;
				ASSETCATALOG_COMPILER_GLOBAL_ACCENT_COLOR_NAME = AccentColor;
				CODE_SIGN_STYLE = Automatic;
				DEVELOPMENT_TEAM = R7C5Q848B5;
				INFOPLIST_FILE = TrafiGO/Info.plist;
				IPHONEOS_DEPLOYMENT_TARGET = 13.0;
				LD_RUNPATH_SEARCH_PATHS = (
					"$(inherited)",
					"@executable_path/Frameworks",
				);
				PRODUCT_BUNDLE_IDENTIFIER = DTDeveloper.TrafiGO;
				PRODUCT_NAME = "$(TARGET_NAME)";
				SWIFT_VERSION = 5.0;
				TARGETED_DEVICE_FAMILY = 1;
			};
			name = Release;
		};
/* End XCBuildConfiguration section */

/* Begin XCConfigurationList section */
		F9A27E0026F24BFA00489892 /* Build configuration list for PBXProject "TrafiGO" */ = {
			isa = XCConfigurationList;
			buildConfigurations = (
				F9A27E1726F24BFB00489892 /* Debug */,
				F9A27E1826F24BFB00489892 /* Release */,
			);
			defaultConfigurationIsVisible = 0;
			defaultConfigurationName = Release;
		};
		F9A27E1926F24BFB00489892 /* Build configuration list for PBXNativeTarget "TrafiGO" */ = {
			isa = XCConfigurationList;
			buildConfigurations = (
				F9A27E1A26F24BFB00489892 /* Debug */,
				F9A27E1B26F24BFB00489892 /* Release */,
			);
			defaultConfigurationIsVisible = 0;
			defaultConfigurationName = Release;
		};
/* End XCConfigurationList section */
	};
	rootObject = F9A27DFD26F24BFA00489892 /* Project object */;
}
