// !$*UTF8*$!
{
	archiveVersion = 1;
	classes = {
	};
	objectVersion = 51;
	objects = {

/* Begin PBXBuildFile section */
		9FF253FAD594ACBD06B60BDA /* Pods_TrafiGO.framework in Frameworks */ = {isa = PBXBuildFile; fileRef = C26B18679C195524C7502D64 /* Pods_TrafiGO.framework */; };
		F905D78E26FE58AC00DCFB0D /* searchTableDelegate.swift in Sources */ = {isa = PBXBuildFile; fileRef = F905D78D26FE58AC00DCFB0D /* searchTableDelegate.swift */; };
		F90CA4B026F3A8F0006C9530 /* Annotation.swift in Sources */ = {isa = PBXBuildFile; fileRef = F90CA4AF26F3A8F0006C9530 /* Annotation.swift */; };
		F90CA4B426F3B750006C9530 /* annotationView.xib in Resources */ = {isa = PBXBuildFile; fileRef = F90CA4B326F3B750006C9530 /* annotationView.xib */; };
		F90CA4B626F3B78F006C9530 /* annotationView.swift in Sources */ = {isa = PBXBuildFile; fileRef = F90CA4B526F3B78F006C9530 /* annotationView.swift */; };
		F90CA4BD26F3E236006C9530 /* AnnotationTableViewCell.swift in Sources */ = {isa = PBXBuildFile; fileRef = F90CA4BB26F3E236006C9530 /* AnnotationTableViewCell.swift */; };
		F90CA4BE26F3E236006C9530 /* AnnotationTableViewCell.xib in Resources */ = {isa = PBXBuildFile; fileRef = F90CA4BC26F3E236006C9530 /* AnnotationTableViewCell.xib */; };
		F94AA0B526FD2A60004C73C6 /* BusStopsSearchResultsView.swift in Sources */ = {isa = PBXBuildFile; fileRef = F94AA0B426FD2A60004C73C6 /* BusStopsSearchResultsView.swift */; };
		F94AA0B726FD2AD2004C73C6 /* BusStopsSearchResultsView.xib in Resources */ = {isa = PBXBuildFile; fileRef = F94AA0B626FD2AD2004C73C6 /* BusStopsSearchResultsView.xib */; };
		F97FCFF126FBBDE3003A501B /* Poppins-Light.ttf in Resources */ = {isa = PBXBuildFile; fileRef = F97FCFDF26FBBDE2003A501B /* Poppins-Light.ttf */; };
		F97FCFF226FBBDE3003A501B /* Poppins-Medium.ttf in Resources */ = {isa = PBXBuildFile; fileRef = F97FCFE026FBBDE2003A501B /* Poppins-Medium.ttf */; };
		F97FCFF326FBBDE3003A501B /* Poppins-ExtraLight.ttf in Resources */ = {isa = PBXBuildFile; fileRef = F97FCFE126FBBDE2003A501B /* Poppins-ExtraLight.ttf */; };
		F97FCFF426FBBDE3003A501B /* Poppins-MediumItalic.ttf in Resources */ = {isa = PBXBuildFile; fileRef = F97FCFE226FBBDE2003A501B /* Poppins-MediumItalic.ttf */; };
		F97FCFF526FBBDE3003A501B /* Poppins-BoldItalic.ttf in Resources */ = {isa = PBXBuildFile; fileRef = F97FCFE326FBBDE2003A501B /* Poppins-BoldItalic.ttf */; };
		F97FCFF626FBBDE3003A501B /* Poppins-Bold.ttf in Resources */ = {isa = PBXBuildFile; fileRef = F97FCFE426FBBDE3003A501B /* Poppins-Bold.ttf */; };
		F97FCFF726FBBDE3003A501B /* Poppins-SemiBoldItalic.ttf in Resources */ = {isa = PBXBuildFile; fileRef = F97FCFE526FBBDE3003A501B /* Poppins-SemiBoldItalic.ttf */; };
		F97FCFF826FBBDE3003A501B /* Poppins-ExtraBoldItalic.ttf in Resources */ = {isa = PBXBuildFile; fileRef = F97FCFE626FBBDE3003A501B /* Poppins-ExtraBoldItalic.ttf */; };
		F97FCFF926FBBDE3003A501B /* Poppins-Thin.ttf in Resources */ = {isa = PBXBuildFile; fileRef = F97FCFE726FBBDE3003A501B /* Poppins-Thin.ttf */; };
		F97FCFFA26FBBDE3003A501B /* Poppins-SemiBold.ttf in Resources */ = {isa = PBXBuildFile; fileRef = F97FCFE826FBBDE3003A501B /* Poppins-SemiBold.ttf */; };
		F97FCFFB26FBBDE3003A501B /* Poppins-ThinItalic.ttf in Resources */ = {isa = PBXBuildFile; fileRef = F97FCFE926FBBDE3003A501B /* Poppins-ThinItalic.ttf */; };
		F97FCFFC26FBBDE3003A501B /* Poppins-Regular.ttf in Resources */ = {isa = PBXBuildFile; fileRef = F97FCFEA26FBBDE3003A501B /* Poppins-Regular.ttf */; };
		F97FCFFD26FBBDE3003A501B /* Poppins-LightItalic.ttf in Resources */ = {isa = PBXBuildFile; fileRef = F97FCFEB26FBBDE3003A501B /* Poppins-LightItalic.ttf */; };
		F97FCFFE26FBBDE3003A501B /* Poppins-ExtraBold.ttf in Resources */ = {isa = PBXBuildFile; fileRef = F97FCFEC26FBBDE3003A501B /* Poppins-ExtraBold.ttf */; };
		F97FCFFF26FBBDE3003A501B /* Poppins-Italic.ttf in Resources */ = {isa = PBXBuildFile; fileRef = F97FCFED26FBBDE3003A501B /* Poppins-Italic.ttf */; };
		F97FD00026FBBDE3003A501B /* Poppins-Black.ttf in Resources */ = {isa = PBXBuildFile; fileRef = F97FCFEE26FBBDE3003A501B /* Poppins-Black.ttf */; };
		F97FD00126FBBDE3003A501B /* Poppins-ExtraLightItalic.ttf in Resources */ = {isa = PBXBuildFile; fileRef = F97FCFEF26FBBDE3003A501B /* Poppins-ExtraLightItalic.ttf */; };
		F97FD00226FBBDE3003A501B /* Poppins-BlackItalic.ttf in Resources */ = {isa = PBXBuildFile; fileRef = F97FCFF026FBBDE3003A501B /* Poppins-BlackItalic.ttf */; };
		F97FD00426FBC275003A501B /* Location.swift in Sources */ = {isa = PBXBuildFile; fileRef = F97FD00326FBC275003A501B /* Location.swift */; };
		F9963AC426F67433000D2F72 /* URLDataDownloader.swift in Sources */ = {isa = PBXBuildFile; fileRef = F9963AC326F67433000D2F72 /* URLDataDownloader.swift */; };
		F9A27E0926F24BFA00489892 /* AppDelegate.swift in Sources */ = {isa = PBXBuildFile; fileRef = F9A27E0826F24BFA00489892 /* AppDelegate.swift */; };
		F9A27E0B26F24BFA00489892 /* SceneDelegate.swift in Sources */ = {isa = PBXBuildFile; fileRef = F9A27E0A26F24BFA00489892 /* SceneDelegate.swift */; };
		F9A27E0D26F24BFA00489892 /* HomeViewController.swift in Sources */ = {isa = PBXBuildFile; fileRef = F9A27E0C26F24BFA00489892 /* HomeViewController.swift */; };
		F9A27E1026F24BFA00489892 /* Main.storyboard in Resources */ = {isa = PBXBuildFile; fileRef = F9A27E0E26F24BFA00489892 /* Main.storyboard */; };
		F9A27E1226F24BFB00489892 /* Assets.xcassets in Resources */ = {isa = PBXBuildFile; fileRef = F9A27E1126F24BFB00489892 /* Assets.xcassets */; };
		F9A27E1526F24BFB00489892 /* LaunchScreen.storyboard in Resources */ = {isa = PBXBuildFile; fileRef = F9A27E1326F24BFB00489892 /* LaunchScreen.storyboard */; };
		F9A27E1F26F24E7D00489892 /* HomeViewModel.swift in Sources */ = {isa = PBXBuildFile; fileRef = F9A27E1E26F24E7D00489892 /* HomeViewModel.swift */; };
		F9A27E2226F2539400489892 /* Extensions.swift in Sources */ = {isa = PBXBuildFile; fileRef = F9A27E2126F2539400489892 /* Extensions.swift */; };
		F9A27E2426F2598C00489892 /* stops.xls in Resources */ = {isa = PBXBuildFile; fileRef = F9A27E2326F2598C00489892 /* stops.xls */; };
		F9A27E2626F275D300489892 /* stops.json in Resources */ = {isa = PBXBuildFile; fileRef = F9A27E2526F275D300489892 /* stops.json */; };
		F9A27E2926F276A000489892 /* StopsModel.swift in Sources */ = {isa = PBXBuildFile; fileRef = F9A27E2826F276A000489892 /* StopsModel.swift */; };
/* End PBXBuildFile section */

/* Begin PBXFileReference section */
		33CFA4620DAF4A854058F7D9 /* Pods-TrafiGO.release.xcconfig */ = {isa = PBXFileReference; includeInIndex = 1; lastKnownFileType = text.xcconfig; name = "Pods-TrafiGO.release.xcconfig"; path = "Target Support Files/Pods-TrafiGO/Pods-TrafiGO.release.xcconfig"; sourceTree = "<group>"; };
		B9B4754C89571B7E5E27A91B /* Pods-TrafiGO.debug.xcconfig */ = {isa = PBXFileReference; includeInIndex = 1; lastKnownFileType = text.xcconfig; name = "Pods-TrafiGO.debug.xcconfig"; path = "Target Support Files/Pods-TrafiGO/Pods-TrafiGO.debug.xcconfig"; sourceTree = "<group>"; };
		C26B18679C195524C7502D64 /* Pods_TrafiGO.framework */ = {isa = PBXFileReference; explicitFileType = wrapper.framework; includeInIndex = 0; path = Pods_TrafiGO.framework; sourceTree = BUILT_PRODUCTS_DIR; };
		F905D78D26FE58AC00DCFB0D /* searchTableDelegate.swift */ = {isa = PBXFileReference; lastKnownFileType = sourcecode.swift; path = searchTableDelegate.swift; sourceTree = "<group>"; };
		F90CA4AF26F3A8F0006C9530 /* Annotation.swift */ = {isa = PBXFileReference; lastKnownFileType = sourcecode.swift; path = Annotation.swift; sourceTree = "<group>"; };
		F90CA4B326F3B750006C9530 /* annotationView.xib */ = {isa = PBXFileReference; lastKnownFileType = file.xib; path = annotationView.xib; sourceTree = "<group>"; };
		F90CA4B526F3B78F006C9530 /* annotationView.swift */ = {isa = PBXFileReference; lastKnownFileType = sourcecode.swift; path = annotationView.swift; sourceTree = "<group>"; };
		F90CA4BB26F3E236006C9530 /* AnnotationTableViewCell.swift */ = {isa = PBXFileReference; lastKnownFileType = sourcecode.swift; path = AnnotationTableViewCell.swift; sourceTree = "<group>"; };
		F90CA4BC26F3E236006C9530 /* AnnotationTableViewCell.xib */ = {isa = PBXFileReference; lastKnownFileType = file.xib; path = AnnotationTableViewCell.xib; sourceTree = "<group>"; };
		F94AA0B426FD2A60004C73C6 /* BusStopsSearchResultsView.swift */ = {isa = PBXFileReference; lastKnownFileType = sourcecode.swift; path = BusStopsSearchResultsView.swift; sourceTree = "<group>"; };
		F94AA0B626FD2AD2004C73C6 /* BusStopsSearchResultsView.xib */ = {isa = PBXFileReference; lastKnownFileType = file.xib; path = BusStopsSearchResultsView.xib; sourceTree = "<group>"; };
		F97FCFDF26FBBDE2003A501B /* Poppins-Light.ttf */ = {isa = PBXFileReference; lastKnownFileType = file; path = "Poppins-Light.ttf"; sourceTree = "<group>"; };
		F97FCFE026FBBDE2003A501B /* Poppins-Medium.ttf */ = {isa = PBXFileReference; lastKnownFileType = file; path = "Poppins-Medium.ttf"; sourceTree = "<group>"; };
		F97FCFE126FBBDE2003A501B /* Poppins-ExtraLight.ttf */ = {isa = PBXFileReference; lastKnownFileType = file; path = "Poppins-ExtraLight.ttf"; sourceTree = "<group>"; };
		F97FCFE226FBBDE2003A501B /* Poppins-MediumItalic.ttf */ = {isa = PBXFileReference; lastKnownFileType = file; path = "Poppins-MediumItalic.ttf"; sourceTree = "<group>"; };
		F97FCFE326FBBDE2003A501B /* Poppins-BoldItalic.ttf */ = {isa = PBXFileReference; lastKnownFileType = file; path = "Poppins-BoldItalic.ttf"; sourceTree = "<group>"; };
		F97FCFE426FBBDE3003A501B /* Poppins-Bold.ttf */ = {isa = PBXFileReference; lastKnownFileType = file; path = "Poppins-Bold.ttf"; sourceTree = "<group>"; };
		F97FCFE526FBBDE3003A501B /* Poppins-SemiBoldItalic.ttf */ = {isa = PBXFileReference; lastKnownFileType = file; path = "Poppins-SemiBoldItalic.ttf"; sourceTree = "<group>"; };
		F97FCFE626FBBDE3003A501B /* Poppins-ExtraBoldItalic.ttf */ = {isa = PBXFileReference; lastKnownFileType = file; path = "Poppins-ExtraBoldItalic.ttf"; sourceTree = "<group>"; };
		F97FCFE726FBBDE3003A501B /* Poppins-Thin.ttf */ = {isa = PBXFileReference; lastKnownFileType = file; path = "Poppins-Thin.ttf"; sourceTree = "<group>"; };
		F97FCFE826FBBDE3003A501B /* Poppins-SemiBold.ttf */ = {isa = PBXFileReference; lastKnownFileType = file; path = "Poppins-SemiBold.ttf"; sourceTree = "<group>"; };
		F97FCFE926FBBDE3003A501B /* Poppins-ThinItalic.ttf */ = {isa = PBXFileReference; lastKnownFileType = file; path = "Poppins-ThinItalic.ttf"; sourceTree = "<group>"; };
		F97FCFEA26FBBDE3003A501B /* Poppins-Regular.ttf */ = {isa = PBXFileReference; lastKnownFileType = file; path = "Poppins-Regular.ttf"; sourceTree = "<group>"; };
		F97FCFEB26FBBDE3003A501B /* Poppins-LightItalic.ttf */ = {isa = PBXFileReference; lastKnownFileType = file; path = "Poppins-LightItalic.ttf"; sourceTree = "<group>"; };
		F97FCFEC26FBBDE3003A501B /* Poppins-ExtraBold.ttf */ = {isa = PBXFileReference; lastKnownFileType = file; path = "Poppins-ExtraBold.ttf"; sourceTree = "<group>"; };
		F97FCFED26FBBDE3003A501B /* Poppins-Italic.ttf */ = {isa = PBXFileReference; lastKnownFileType = file; path = "Poppins-Italic.ttf"; sourceTree = "<group>"; };
		F97FCFEE26FBBDE3003A501B /* Poppins-Black.ttf */ = {isa = PBXFileReference; lastKnownFileType = file; path = "Poppins-Black.ttf"; sourceTree = "<group>"; };
		F97FCFEF26FBBDE3003A501B /* Poppins-ExtraLightItalic.ttf */ = {isa = PBXFileReference; lastKnownFileType = file; path = "Poppins-ExtraLightItalic.ttf"; sourceTree = "<group>"; };
		F97FCFF026FBBDE3003A501B /* Poppins-BlackItalic.ttf */ = {isa = PBXFileReference; lastKnownFileType = file; path = "Poppins-BlackItalic.ttf"; sourceTree = "<group>"; };
		F97FD00326FBC275003A501B /* Location.swift */ = {isa = PBXFileReference; lastKnownFileType = sourcecode.swift; path = Location.swift; sourceTree = "<group>"; };
		F9963AC326F67433000D2F72 /* URLDataDownloader.swift */ = {isa = PBXFileReference; lastKnownFileType = sourcecode.swift; path = URLDataDownloader.swift; sourceTree = "<group>"; };
		F9A27E0526F24BFA00489892 /* TrafiGO.app */ = {isa = PBXFileReference; explicitFileType = wrapper.application; includeInIndex = 0; path = TrafiGO.app; sourceTree = BUILT_PRODUCTS_DIR; };
		F9A27E0826F24BFA00489892 /* AppDelegate.swift */ = {isa = PBXFileReference; lastKnownFileType = sourcecode.swift; path = AppDelegate.swift; sourceTree = "<group>"; };
		F9A27E0A26F24BFA00489892 /* SceneDelegate.swift */ = {isa = PBXFileReference; lastKnownFileType = sourcecode.swift; path = SceneDelegate.swift; sourceTree = "<group>"; };
		F9A27E0C26F24BFA00489892 /* HomeViewController.swift */ = {isa = PBXFileReference; lastKnownFileType = sourcecode.swift; path = HomeViewController.swift; sourceTree = "<group>"; };
		F9A27E0F26F24BFA00489892 /* Base */ = {isa = PBXFileReference; lastKnownFileType = file.storyboard; name = Base; path = Base.lproj/Main.storyboard; sourceTree = "<group>"; };
		F9A27E1126F24BFB00489892 /* Assets.xcassets */ = {isa = PBXFileReference; lastKnownFileType = folder.assetcatalog; path = Assets.xcassets; sourceTree = "<group>"; };
		F9A27E1426F24BFB00489892 /* Base */ = {isa = PBXFileReference; lastKnownFileType = file.storyboard; name = Base; path = Base.lproj/LaunchScreen.storyboard; sourceTree = "<group>"; };
		F9A27E1626F24BFB00489892 /* Info.plist */ = {isa = PBXFileReference; lastKnownFileType = text.plist.xml; path = Info.plist; sourceTree = "<group>"; };
		F9A27E1E26F24E7D00489892 /* HomeViewModel.swift */ = {isa = PBXFileReference; lastKnownFileType = sourcecode.swift; path = HomeViewModel.swift; sourceTree = "<group>"; };
		F9A27E2126F2539400489892 /* Extensions.swift */ = {isa = PBXFileReference; lastKnownFileType = sourcecode.swift; path = Extensions.swift; sourceTree = "<group>"; };
		F9A27E2326F2598C00489892 /* stops.xls */ = {isa = PBXFileReference; lastKnownFileType = file; path = stops.xls; sourceTree = "<group>"; };
		F9A27E2526F275D300489892 /* stops.json */ = {isa = PBXFileReference; lastKnownFileType = text.json; path = stops.json; sourceTree = "<group>"; };
		F9A27E2826F276A000489892 /* StopsModel.swift */ = {isa = PBXFileReference; lastKnownFileType = sourcecode.swift; path = StopsModel.swift; sourceTree = "<group>"; };
/* End PBXFileReference section */

/* Begin PBXFrameworksBuildPhase section */
		F9A27E0226F24BFA00489892 /* Frameworks */ = {
			isa = PBXFrameworksBuildPhase;
			buildActionMask = 2147483647;
			files = (
				9FF253FAD594ACBD06B60BDA /* Pods_TrafiGO.framework in Frameworks */,
			);
			runOnlyForDeploymentPostprocessing = 0;
		};
/* End PBXFrameworksBuildPhase section */

/* Begin PBXGroup section */
		520CABFBBA2672722B2789D9 /* Frameworks */ = {
			isa = PBXGroup;
			children = (
				C26B18679C195524C7502D64 /* Pods_TrafiGO.framework */,
			);
			name = Frameworks;
			sourceTree = "<group>";
		};
		67813D69BF4D248F5F799BC5 /* Pods */ = {
			isa = PBXGroup;
			children = (
				B9B4754C89571B7E5E27A91B /* Pods-TrafiGO.debug.xcconfig */,
				33CFA4620DAF4A854058F7D9 /* Pods-TrafiGO.release.xcconfig */,
			);
			path = Pods;
			sourceTree = "<group>";
		};
		F909087026FBBB4500410168 /* Fonts */ = {
			isa = PBXGroup;
			children = (
				F97FCFDE26FBBDB4003A501B /* Poppins */,
			);
			path = Fonts;
			sourceTree = "<group>";
		};
		F94AA0AF26FD2586004C73C6 /* SearchResults */ = {
			isa = PBXGroup;
			children = (
				F94AA0B426FD2A60004C73C6 /* BusStopsSearchResultsView.swift */,
				F94AA0B626FD2AD2004C73C6 /* BusStopsSearchResultsView.xib */,
				F905D78D26FE58AC00DCFB0D /* searchTableDelegate.swift */,
			);
			path = SearchResults;
			sourceTree = "<group>";
		};
		F97FCFDE26FBBDB4003A501B /* Poppins */ = {
			isa = PBXGroup;
			children = (
				F97FCFEE26FBBDE3003A501B /* Poppins-Black.ttf */,
				F97FCFF026FBBDE3003A501B /* Poppins-BlackItalic.ttf */,
				F97FCFE426FBBDE3003A501B /* Poppins-Bold.ttf */,
				F97FCFE326FBBDE2003A501B /* Poppins-BoldItalic.ttf */,
				F97FCFEC26FBBDE3003A501B /* Poppins-ExtraBold.ttf */,
				F97FCFE626FBBDE3003A501B /* Poppins-ExtraBoldItalic.ttf */,
				F97FCFE126FBBDE2003A501B /* Poppins-ExtraLight.ttf */,
				F97FCFEF26FBBDE3003A501B /* Poppins-ExtraLightItalic.ttf */,
				F97FCFED26FBBDE3003A501B /* Poppins-Italic.ttf */,
				F97FCFDF26FBBDE2003A501B /* Poppins-Light.ttf */,
				F97FCFEB26FBBDE3003A501B /* Poppins-LightItalic.ttf */,
				F97FCFE026FBBDE2003A501B /* Poppins-Medium.ttf */,
				F97FCFE226FBBDE2003A501B /* Poppins-MediumItalic.ttf */,
				F97FCFEA26FBBDE3003A501B /* Poppins-Regular.ttf */,
				F97FCFE826FBBDE3003A501B /* Poppins-SemiBold.ttf */,
				F97FCFE526FBBDE3003A501B /* Poppins-SemiBoldItalic.ttf */,
				F97FCFE726FBBDE3003A501B /* Poppins-Thin.ttf */,
				F97FCFE926FBBDE3003A501B /* Poppins-ThinItalic.ttf */,
			);
			path = Poppins;
			sourceTree = "<group>";
		};
		F9A27DFC26F24BFA00489892 = {
			isa = PBXGroup;
			children = (
				F9A27E0726F24BFA00489892 /* TrafiGO */,
				F9A27E0626F24BFA00489892 /* Products */,
				67813D69BF4D248F5F799BC5 /* Pods */,
				520CABFBBA2672722B2789D9 /* Frameworks */,
			);
			sourceTree = "<group>";
		};
		F9A27E0626F24BFA00489892 /* Products */ = {
			isa = PBXGroup;
			children = (
				F9A27E0526F24BFA00489892 /* TrafiGO.app */,
			);
			name = Products;
			sourceTree = "<group>";
		};
		F9A27E0726F24BFA00489892 /* TrafiGO */ = {
			isa = PBXGroup;
			children = (
				F909087026FBBB4500410168 /* Fonts */,
				F9A27E2726F2769200489892 /* Models */,
				F9A27E1C26F24DF700489892 /* Scenes */,
				F9A27E0826F24BFA00489892 /* AppDelegate.swift */,
				F9A27E0A26F24BFA00489892 /* SceneDelegate.swift */,
				F9A27E0E26F24BFA00489892 /* Main.storyboard */,
				F9A27E1126F24BFB00489892 /* Assets.xcassets */,
				F9A27E2326F2598C00489892 /* stops.xls */,
				F9A27E1326F24BFB00489892 /* LaunchScreen.storyboard */,
				F9A27E1626F24BFB00489892 /* Info.plist */,
				F9A27E2126F2539400489892 /* Extensions.swift */,
				F9A27E2526F275D300489892 /* stops.json */,
				F9963AC326F67433000D2F72 /* URLDataDownloader.swift */,
				F97FD00326FBC275003A501B /* Location.swift */,
			);
			path = TrafiGO;
			sourceTree = "<group>";
		};
		F9A27E1C26F24DF700489892 /* Scenes */ = {
			isa = PBXGroup;
			children = (
				F94AA0AF26FD2586004C73C6 /* SearchResults */,
				F9A27E1D26F24E0A00489892 /* HomeView */,
			);
			path = Scenes;
			sourceTree = "<group>";
		};
		F9A27E1D26F24E0A00489892 /* HomeView */ = {
			isa = PBXGroup;
			children = (
				F9A27E0C26F24BFA00489892 /* HomeViewController.swift */,
				F9A27E1E26F24E7D00489892 /* HomeViewModel.swift */,
				F90CA4B326F3B750006C9530 /* annotationView.xib */,
				F90CA4B526F3B78F006C9530 /* annotationView.swift */,
				F90CA4BB26F3E236006C9530 /* AnnotationTableViewCell.swift */,
				F90CA4BC26F3E236006C9530 /* AnnotationTableViewCell.xib */,
			);
			path = HomeView;
			sourceTree = "<group>";
		};
		F9A27E2726F2769200489892 /* Models */ = {
			isa = PBXGroup;
			children = (
				F9A27E2826F276A000489892 /* StopsModel.swift */,
				F90CA4AF26F3A8F0006C9530 /* Annotation.swift */,
			);
			path = Models;
			sourceTree = "<group>";
		};
/* End PBXGroup section */

/* Begin PBXNativeTarget section */
		F9A27E0426F24BFA00489892 /* TrafiGO */ = {
			isa = PBXNativeTarget;
			buildConfigurationList = F9A27E1926F24BFB00489892 /* Build configuration list for PBXNativeTarget "TrafiGO" */;
			buildPhases = (
				725D7563400C82597C5EC8E2 /* [CP] Check Pods Manifest.lock */,
				F9A27E0126F24BFA00489892 /* Sources */,
				F9A27E0226F24BFA00489892 /* Frameworks */,
				F9A27E0326F24BFA00489892 /* Resources */,
				4389B203AB21848398384362 /* [CP] Embed Pods Frameworks */,
			);
			buildRules = (
			);
			dependencies = (
			);
			name = TrafiGO;
			productName = TrafiGO;
			productReference = F9A27E0526F24BFA00489892 /* TrafiGO.app */;
			productType = "com.apple.product-type.application";
		};
/* End PBXNativeTarget section */

/* Begin PBXProject section */
		F9A27DFD26F24BFA00489892 /* Project object */ = {
			isa = PBXProject;
			attributes = {
				LastSwiftUpdateCheck = 1250;
				LastUpgradeCheck = 1250;
				TargetAttributes = {
					F9A27E0426F24BFA00489892 = {
						CreatedOnToolsVersion = 12.5.1;
					};
				};
			};
			buildConfigurationList = F9A27E0026F24BFA00489892 /* Build configuration list for PBXProject "TrafiGO" */;
			compatibilityVersion = "Xcode 9.3";
			developmentRegion = en;
			hasScannedForEncodings = 0;
			knownRegions = (
				en,
				Base,
			);
			mainGroup = F9A27DFC26F24BFA00489892;
			productRefGroup = F9A27E0626F24BFA00489892 /* Products */;
			projectDirPath = "";
			projectRoot = "";
			targets = (
				F9A27E0426F24BFA00489892 /* TrafiGO */,
			);
		};
/* End PBXProject section */

/* Begin PBXResourcesBuildPhase section */
		F9A27E0326F24BFA00489892 /* Resources */ = {
			isa = PBXResourcesBuildPhase;
			buildActionMask = 2147483647;
			files = (
				F97FD00126FBBDE3003A501B /* Poppins-ExtraLightItalic.ttf in Resources */,
				F97FCFF326FBBDE3003A501B /* Poppins-ExtraLight.ttf in Resources */,
				F97FCFF426FBBDE3003A501B /* Poppins-MediumItalic.ttf in Resources */,
				F9A27E1526F24BFB00489892 /* LaunchScreen.storyboard in Resources */,
				F97FCFF726FBBDE3003A501B /* Poppins-SemiBoldItalic.ttf in Resources */,
				F97FD00026FBBDE3003A501B /* Poppins-Black.ttf in Resources */,
				F97FCFF526FBBDE3003A501B /* Poppins-BoldItalic.ttf in Resources */,
				F97FCFF926FBBDE3003A501B /* Poppins-Thin.ttf in Resources */,
				F90CA4B426F3B750006C9530 /* annotationView.xib in Resources */,
				F9A27E1226F24BFB00489892 /* Assets.xcassets in Resources */,
				F97FCFF126FBBDE3003A501B /* Poppins-Light.ttf in Resources */,
				F9A27E1026F24BFA00489892 /* Main.storyboard in Resources */,
				F97FCFFE26FBBDE3003A501B /* Poppins-ExtraBold.ttf in Resources */,
				F97FCFF826FBBDE3003A501B /* Poppins-ExtraBoldItalic.ttf in Resources */,
				F94AA0B726FD2AD2004C73C6 /* BusStopsSearchResultsView.xib in Resources */,
				F97FCFFD26FBBDE3003A501B /* Poppins-LightItalic.ttf in Resources */,
				F97FCFF626FBBDE3003A501B /* Poppins-Bold.ttf in Resources */,
				F9A27E2626F275D300489892 /* stops.json in Resources */,
				F97FD00226FBBDE3003A501B /* Poppins-BlackItalic.ttf in Resources */,
				F97FCFF226FBBDE3003A501B /* Poppins-Medium.ttf in Resources */,
				F9A27E2426F2598C00489892 /* stops.xls in Resources */,
				F97FCFFB26FBBDE3003A501B /* Poppins-ThinItalic.ttf in Resources */,
				F97FCFFF26FBBDE3003A501B /* Poppins-Italic.ttf in Resources */,
				F90CA4BE26F3E236006C9530 /* AnnotationTableViewCell.xib in Resources */,
				F97FCFFC26FBBDE3003A501B /* Poppins-Regular.ttf in Resources */,
				F97FCFFA26FBBDE3003A501B /* Poppins-SemiBold.ttf in Resources */,
			);
			runOnlyForDeploymentPostprocessing = 0;
		};
/* End PBXResourcesBuildPhase section */

/* Begin PBXShellScriptBuildPhase section */
		4389B203AB21848398384362 /* [CP] Embed Pods Frameworks */ = {
			isa = PBXShellScriptBuildPhase;
			buildActionMask = 2147483647;
			files = (
			);
			inputFileListPaths = (
				"${PODS_ROOT}/Target Support Files/Pods-TrafiGO/Pods-TrafiGO-frameworks-${CONFIGURATION}-input-files.xcfilelist",
			);
			name = "[CP] Embed Pods Frameworks";
			outputFileListPaths = (
				"${PODS_ROOT}/Target Support Files/Pods-TrafiGO/Pods-TrafiGO-frameworks-${CONFIGURATION}-output-files.xcfilelist",
			);
			runOnlyForDeploymentPostprocessing = 0;
			shellPath = /bin/sh;
			shellScript = "\"${PODS_ROOT}/Target Support Files/Pods-TrafiGO/Pods-TrafiGO-frameworks.sh\"\n";
			showEnvVarsInLog = 0;
		};
		725D7563400C82597C5EC8E2 /* [CP] Check Pods Manifest.lock */ = {
			isa = PBXShellScriptBuildPhase;
			buildActionMask = 2147483647;
			files = (
			);
			inputFileListPaths = (
			);
			inputPaths = (
				"${PODS_PODFILE_DIR_PATH}/Podfile.lock",
				"${PODS_ROOT}/Manifest.lock",
			);
			name = "[CP] Check Pods Manifest.lock";
			outputFileListPaths = (
			);
			outputPaths = (
				"$(DERIVED_FILE_DIR)/Pods-TrafiGO-checkManifestLockResult.txt",
			);
			runOnlyForDeploymentPostprocessing = 0;
			shellPath = /bin/sh;
			shellScript = "diff \"${PODS_PODFILE_DIR_PATH}/Podfile.lock\" \"${PODS_ROOT}/Manifest.lock\" > /dev/null\nif [ $? != 0 ] ; then\n    # print error to STDERR\n    echo \"error: The sandbox is not in sync with the Podfile.lock. Run 'pod install' or update your CocoaPods installation.\" >&2\n    exit 1\nfi\n# This output is used by Xcode 'outputs' to avoid re-running this script phase.\necho \"SUCCESS\" > \"${SCRIPT_OUTPUT_FILE_0}\"\n";
			showEnvVarsInLog = 0;
		};
/* End PBXShellScriptBuildPhase section */

/* Begin PBXSourcesBuildPhase section */
		F9A27E0126F24BFA00489892 /* Sources */ = {
			isa = PBXSourcesBuildPhase;
			buildActionMask = 2147483647;
			files = (
				F90CA4BD26F3E236006C9530 /* AnnotationTableViewCell.swift in Sources */,
				F97FD00426FBC275003A501B /* Location.swift in Sources */,
				F9A27E2226F2539400489892 /* Extensions.swift in Sources */,
				F9A27E0D26F24BFA00489892 /* HomeViewController.swift in Sources */,
				F9A27E0926F24BFA00489892 /* AppDelegate.swift in Sources */,
				F90CA4B626F3B78F006C9530 /* annotationView.swift in Sources */,
				F9A27E2926F276A000489892 /* StopsModel.swift in Sources */,
				F9A27E0B26F24BFA00489892 /* SceneDelegate.swift in Sources */,
				F94AA0B526FD2A60004C73C6 /* BusStopsSearchResultsView.swift in Sources */,
				F90CA4B026F3A8F0006C9530 /* Annotation.swift in Sources */,
				F905D78E26FE58AC00DCFB0D /* searchTableDelegate.swift in Sources */,
				F9963AC426F67433000D2F72 /* URLDataDownloader.swift in Sources */,
				F9A27E1F26F24E7D00489892 /* HomeViewModel.swift in Sources */,
			);
			runOnlyForDeploymentPostprocessing = 0;
		};
/* End PBXSourcesBuildPhase section */

/* Begin PBXVariantGroup section */
		F9A27E0E26F24BFA00489892 /* Main.storyboard */ = {
			isa = PBXVariantGroup;
			children = (
				F9A27E0F26F24BFA00489892 /* Base */,
			);
			name = Main.storyboard;
			sourceTree = "<group>";
		};
		F9A27E1326F24BFB00489892 /* LaunchScreen.storyboard */ = {
			isa = PBXVariantGroup;
			children = (
				F9A27E1426F24BFB00489892 /* Base */,
			);
			name = LaunchScreen.storyboard;
			sourceTree = "<group>";
		};
/* End PBXVariantGroup section */

/* Begin XCBuildConfiguration section */
		F9A27E1726F24BFB00489892 /* Debug */ = {
			isa = XCBuildConfiguration;
			buildSettings = {
				ALWAYS_SEARCH_USER_PATHS = NO;
				CLANG_ANALYZER_NONNULL = YES;
				CLANG_ANALYZER_NUMBER_OBJECT_CONVERSION = YES_AGGRESSIVE;
				CLANG_CXX_LANGUAGE_STANDARD = "gnu++14";
				CLANG_CXX_LIBRARY = "libc++";
				CLANG_ENABLE_MODULES = YES;
				CLANG_ENABLE_OBJC_ARC = YES;
				CLANG_ENABLE_OBJC_WEAK = YES;
				CLANG_WARN_BLOCK_CAPTURE_AUTORELEASING = YES;
				CLANG_WARN_BOOL_CONVERSION = YES;
				CLANG_WARN_COMMA = YES;
				CLANG_WARN_CONSTANT_CONVERSION = YES;
				CLANG_WARN_DEPRECATED_OBJC_IMPLEMENTATIONS = YES;
				CLANG_WARN_DIRECT_OBJC_ISA_USAGE = YES_ERROR;
				CLANG_WARN_DOCUMENTATION_COMMENTS = YES;
				CLANG_WARN_EMPTY_BODY = YES;
				CLANG_WARN_ENUM_CONVERSION = YES;
				CLANG_WARN_INFINITE_RECURSION = YES;
				CLANG_WARN_INT_CONVERSION = YES;
				CLANG_WARN_NON_LITERAL_NULL_CONVERSION = YES;
				CLANG_WARN_OBJC_IMPLICIT_RETAIN_SELF = YES;
				CLANG_WARN_OBJC_LITERAL_CONVERSION = YES;
				CLANG_WARN_OBJC_ROOT_CLASS = YES_ERROR;
				CLANG_WARN_QUOTED_INCLUDE_IN_FRAMEWORK_HEADER = YES;
				CLANG_WARN_RANGE_LOOP_ANALYSIS = YES;
				CLANG_WARN_STRICT_PROTOTYPES = YES;
				CLANG_WARN_SUSPICIOUS_MOVE = YES;
				CLANG_WARN_UNGUARDED_AVAILABILITY = YES_AGGRESSIVE;
				CLANG_WARN_UNREACHABLE_CODE = YES;
				CLANG_WARN__DUPLICATE_METHOD_MATCH = YES;
				COPY_PHASE_STRIP = NO;
				DEBUG_INFORMATION_FORMAT = dwarf;
				ENABLE_STRICT_OBJC_MSGSEND = YES;
				ENABLE_TESTABILITY = YES;
				GCC_C_LANGUAGE_STANDARD = gnu11;
				GCC_DYNAMIC_NO_PIC = NO;
				GCC_NO_COMMON_BLOCKS = YES;
				GCC_OPTIMIZATION_LEVEL = 0;
				GCC_PREPROCESSOR_DEFINITIONS = (
					"DEBUG=1",
					"$(inherited)",
				);
				GCC_WARN_64_TO_32_BIT_CONVERSION = YES;
				GCC_WARN_ABOUT_RETURN_TYPE = YES_ERROR;
				GCC_WARN_UNDECLARED_SELECTOR = YES;
				GCC_WARN_UNINITIALIZED_AUTOS = YES_AGGRESSIVE;
				GCC_WARN_UNUSED_FUNCTION = YES;
				GCC_WARN_UNUSED_VARIABLE = YES;
				IPHONEOS_DEPLOYMENT_TARGET = 14.5;
				MTL_ENABLE_DEBUG_INFO = INCLUDE_SOURCE;
				MTL_FAST_MATH = YES;
				ONLY_ACTIVE_ARCH = YES;
				SDKROOT = iphoneos;
				SWIFT_ACTIVE_COMPILATION_CONDITIONS = DEBUG;
				SWIFT_OPTIMIZATION_LEVEL = "-Onone";
			};
			name = Debug;
		};
		F9A27E1826F24BFB00489892 /* Release */ = {
			isa = XCBuildConfiguration;
			buildSettings = {
				ALWAYS_SEARCH_USER_PATHS = NO;
				CLANG_ANALYZER_NONNULL = YES;
				CLANG_ANALYZER_NUMBER_OBJECT_CONVERSION = YES_AGGRESSIVE;
				CLANG_CXX_LANGUAGE_STANDARD = "gnu++14";
				CLANG_CXX_LIBRARY = "libc++";
				CLANG_ENABLE_MODULES = YES;
				CLANG_ENABLE_OBJC_ARC = YES;
				CLANG_ENABLE_OBJC_WEAK = YES;
				CLANG_WARN_BLOCK_CAPTURE_AUTORELEASING = YES;
				CLANG_WARN_BOOL_CONVERSION = YES;
				CLANG_WARN_COMMA = YES;
				CLANG_WARN_CONSTANT_CONVERSION = YES;
				CLANG_WARN_DEPRECATED_OBJC_IMPLEMENTATIONS = YES;
				CLANG_WARN_DIRECT_OBJC_ISA_USAGE = YES_ERROR;
				CLANG_WARN_DOCUMENTATION_COMMENTS = YES;
				CLANG_WARN_EMPTY_BODY = YES;
				CLANG_WARN_ENUM_CONVERSION = YES;
				CLANG_WARN_INFINITE_RECURSION = YES;
				CLANG_WARN_INT_CONVERSION = YES;
				CLANG_WARN_NON_LITERAL_NULL_CONVERSION = YES;
				CLANG_WARN_OBJC_IMPLICIT_RETAIN_SELF = YES;
				CLANG_WARN_OBJC_LITERAL_CONVERSION = YES;
				CLANG_WARN_OBJC_ROOT_CLASS = YES_ERROR;
				CLANG_WARN_QUOTED_INCLUDE_IN_FRAMEWORK_HEADER = YES;
				CLANG_WARN_RANGE_LOOP_ANALYSIS = YES;
				CLANG_WARN_STRICT_PROTOTYPES = YES;
				CLANG_WARN_SUSPICIOUS_MOVE = YES;
				CLANG_WARN_UNGUARDED_AVAILABILITY = YES_AGGRESSIVE;
				CLANG_WARN_UNREACHABLE_CODE = YES;
				CLANG_WARN__DUPLICATE_METHOD_MATCH = YES;
				COPY_PHASE_STRIP = NO;
				DEBUG_INFORMATION_FORMAT = "dwarf-with-dsym";
				ENABLE_NS_ASSERTIONS = NO;
				ENABLE_STRICT_OBJC_MSGSEND = YES;
				GCC_C_LANGUAGE_STANDARD = gnu11;
				GCC_NO_COMMON_BLOCKS = YES;
				GCC_WARN_64_TO_32_BIT_CONVERSION = YES;
				GCC_WARN_ABOUT_RETURN_TYPE = YES_ERROR;
				GCC_WARN_UNDECLARED_SELECTOR = YES;
				GCC_WARN_UNINITIALIZED_AUTOS = YES_AGGRESSIVE;
				GCC_WARN_UNUSED_FUNCTION = YES;
				GCC_WARN_UNUSED_VARIABLE = YES;
				IPHONEOS_DEPLOYMENT_TARGET = 14.5;
				MTL_ENABLE_DEBUG_INFO = NO;
				MTL_FAST_MATH = YES;
				SDKROOT = iphoneos;
				SWIFT_COMPILATION_MODE = wholemodule;
				SWIFT_OPTIMIZATION_LEVEL = "-O";
				VALIDATE_PRODUCT = YES;
			};
			name = Release;
		};
		F9A27E1A26F24BFB00489892 /* Debug */ = {
			isa = XCBuildConfiguration;
			baseConfigurationReference = B9B4754C89571B7E5E27A91B /* Pods-TrafiGO.debug.xcconfig */;
			buildSettings = {
				ASSETCATALOG_COMPILER_APPICON_NAME = AppIcon;
				ASSETCATALOG_COMPILER_GLOBAL_ACCENT_COLOR_NAME = AccentColor;
				CODE_SIGN_STYLE = Automatic;
				DEVELOPMENT_TEAM = R7C5Q848B5;
				INFOPLIST_FILE = TrafiGO/Info.plist;
				IPHONEOS_DEPLOYMENT_TARGET = 13.0;
				LD_RUNPATH_SEARCH_PATHS = (
					"$(inherited)",
					"@executable_path/Frameworks",
				);
				PRODUCT_BUNDLE_IDENTIFIER = DTDeveloper.TrafiGO;
				PRODUCT_NAME = "$(TARGET_NAME)";
				SWIFT_VERSION = 5.0;
				TARGETED_DEVICE_FAMILY = 1;
			};
			name = Debug;
		};
		F9A27E1B26F24BFB00489892 /* Release */ = {
			isa = XCBuildConfiguration;
			baseConfigurationReference = 33CFA4620DAF4A854058F7D9 /* Pods-TrafiGO.release.xcconfig */;
			buildSettings = {
				ASSETCATALOG_COMPILER_APPICON_NAME = AppIcon;
				ASSETCATALOG_COMPILER_GLOBAL_ACCENT_COLOR_NAME = AccentColor;
				CODE_SIGN_STYLE = Automatic;
				DEVELOPMENT_TEAM = R7C5Q848B5;
				INFOPLIST_FILE = TrafiGO/Info.plist;
				IPHONEOS_DEPLOYMENT_TARGET = 13.0;
				LD_RUNPATH_SEARCH_PATHS = (
					"$(inherited)",
					"@executable_path/Frameworks",
				);
				PRODUCT_BUNDLE_IDENTIFIER = DTDeveloper.TrafiGO;
				PRODUCT_NAME = "$(TARGET_NAME)";
				SWIFT_VERSION = 5.0;
				TARGETED_DEVICE_FAMILY = 1;
			};
			name = Release;
		};
/* End XCBuildConfiguration section */

/* Begin XCConfigurationList section */
		F9A27E0026F24BFA00489892 /* Build configuration list for PBXProject "TrafiGO" */ = {
			isa = XCConfigurationList;
			buildConfigurations = (
				F9A27E1726F24BFB00489892 /* Debug */,
				F9A27E1826F24BFB00489892 /* Release */,
			);
			defaultConfigurationIsVisible = 0;
			defaultConfigurationName = Release;
		};
		F9A27E1926F24BFB00489892 /* Build configuration list for PBXNativeTarget "TrafiGO" */ = {
			isa = XCConfigurationList;
			buildConfigurations = (
				F9A27E1A26F24BFB00489892 /* Debug */,
				F9A27E1B26F24BFB00489892 /* Release */,
			);
			defaultConfigurationIsVisible = 0;
			defaultConfigurationName = Release;
		};
/* End XCConfigurationList section */
	};
	rootObject = F9A27DFD26F24BFA00489892 /* Project object */;
}
